
Microsoft Visual Studio Solution File, Format Version 12.00
# Visual Studio Version 16
VisualStudioVersion = 16.0.30804.86
MinimumVisualStudioVersion = 10.0.40219.1
Project("{FAE04EC0-301F-11D3-BF4B-00C04F79EFBC}") = "Interfaces", "Interfaces\Interfaces.csproj", "{F155C9D5-EF46-414A-855F-F13F7394743D}"
EndProject
Project("{FAE04EC0-301F-11D3-BF4B-00C04F79EFBC}") = "Delegacao", "Delegacao\Delegacao.csproj", "{104AE974-8EE5-4C54-ACE1-E193455642FB}"
EndProject
Project("{FAE04EC0-301F-11D3-BF4B-00C04F79EFBC}") = "Excecoes", "Excecoes\Excecoes.csproj", "{3AF446D4-5143-4317-A639-C0709E592DA6}"
EndProject
Global
	GlobalSection(SolutionConfigurationPlatforms) = preSolution
		Debug|Any CPU = Debug|Any CPU
		Release|Any CPU = Release|Any CPU
	EndGlobalSection
	GlobalSection(ProjectConfigurationPlatforms) = postSolution
		{F155C9D5-EF46-414A-855F-F13F7394743D}.Debug|Any CPU.ActiveCfg = Debug|Any CPU
		{F155C9D5-EF46-414A-855F-F13F7394743D}.Debug|Any CPU.Build.0 = Debug|Any CPU
		{F155C9D5-EF46-414A-855F-F13F7394743D}.Release|Any CPU.ActiveCfg = Release|Any CPU
		{F155C9D5-EF46-414A-855F-F13F7394743D}.Release|Any CPU.Build.0 = Release|Any CPU
		{104AE974-8EE5-4C54-ACE1-E193455642FB}.Debug|Any CPU.ActiveCfg = Debug|Any CPU
		{104AE974-8EE5-4C54-ACE1-E193455642FB}.Debug|Any CPU.Build.0 = Debug|Any CPU
		{104AE974-8EE5-4C54-ACE1-E193455642FB}.Release|Any CPU.ActiveCfg = Release|Any CPU
		{104AE974-8EE5-4C54-ACE1-E193455642FB}.Release|Any CPU.Build.0 = Release|Any CPU
		{3AF446D4-5143-4317-A639-C0709E592DA6}.Debug|Any CPU.ActiveCfg = Debug|Any CPU
		{3AF446D4-5143-4317-A639-C0709E592DA6}.Debug|Any CPU.Build.0 = Debug|Any CPU
		{3AF446D4-5143-4317-A639-C0709E592DA6}.Release|Any CPU.ActiveCfg = Release|Any CPU
		{3AF446D4-5143-4317-A639-C0709E592DA6}.Release|Any CPU.Build.0 = Release|Any CPU
	EndGlobalSection
	GlobalSection(SolutionProperties) = preSolution
		HideSolutionNode = FALSE
	EndGlobalSection
	GlobalSection(ExtensibilityGlobals) = postSolution
		SolutionGuid = {75247557-DCBF-4779-B2D1-CF7B5BEEF377}
	EndGlobalSection
EndGlobal
